
Microsoft Visual Studio Solution File, Format Version 12.00
# Visual Studio Version 16
VisualStudioVersion = 16.0.31410.357
MinimumVisualStudioVersion = 10.0.40219.1
Project("{FAE04EC0-301F-11D3-BF4B-00C04F79EFBC}") = "CrudUbicacion1", "CrudUbicacion1\CrudUbicacion1.csproj", "{C8569813-D694-4021-A8D7-4F7ACCB64AFB}"
EndProject
Global
	GlobalSection(SolutionConfigurationPlatforms) = preSolution
		Debug|Any CPU = Debug|Any CPU
		Release|Any CPU = Release|Any CPU
	EndGlobalSection
	GlobalSection(ProjectConfigurationPlatforms) = postSolution
		{C8569813-D694-4021-A8D7-4F7ACCB64AFB}.Debug|Any CPU.ActiveCfg = Debug|Any CPU
		{C8569813-D694-4021-A8D7-4F7ACCB64AFB}.Debug|Any CPU.Build.0 = Debug|Any CPU
		{C8569813-D694-4021-A8D7-4F7ACCB64AFB}.Release|Any CPU.ActiveCfg = Release|Any CPU
		{C8569813-D694-4021-A8D7-4F7ACCB64AFB}.Release|Any CPU.Build.0 = Release|Any CPU
	EndGlobalSection
	GlobalSection(SolutionProperties) = preSolution
		HideSolutionNode = FALSE
	EndGlobalSection
	GlobalSection(ExtensibilityGlobals) = postSolution
		SolutionGuid = {43EFDEF7-C9AA-4B6D-AB15-B80EAA7D6937}
	EndGlobalSection
EndGlobal
